
Microsoft Visual Studio Solution File, Format Version 12.00
# Visual Studio Version 16
VisualStudioVersion = 16.0.29519.181
MinimumVisualStudioVersion = 10.0.40219.1
Project("{9A19103F-16F7-4668-BE54-9A1E7A4F7556}") = "QuartersSDK", "QuartersSDK\QuartersSDK.csproj", "{400B7409-8380-468E-A60B-8276A99588C1}"
EndProject
Project("{9A19103F-16F7-4668-BE54-9A1E7A4F7556}") = "QuartersSDKTests", "QuartersSDKTests\QuartersSDKTests.csproj", "{2C78B312-6910-4938-9845-69502D8390EE}"
EndProject
Project("{2150E333-8FDC-42A3-9474-1A3956D46DE8}") = "Solution Items", "Solution Items", "{AC4C59B4-4DB4-419A-9A89-9512D464215A}"
	ProjectSection(SolutionItems) = preProject
		README.md = README.md
	EndProjectSection
EndProject
Global
	GlobalSection(SolutionConfigurationPlatforms) = preSolution
		Debug|Any CPU = Debug|Any CPU
		Release|Any CPU = Release|Any CPU
	EndGlobalSection
	GlobalSection(ProjectConfigurationPlatforms) = postSolution
		{400B7409-8380-468E-A60B-8276A99588C1}.Debug|Any CPU.ActiveCfg = Debug|Any CPU
		{400B7409-8380-468E-A60B-8276A99588C1}.Debug|Any CPU.Build.0 = Debug|Any CPU
		{400B7409-8380-468E-A60B-8276A99588C1}.Release|Any CPU.ActiveCfg = Release|Any CPU
		{400B7409-8380-468E-A60B-8276A99588C1}.Release|Any CPU.Build.0 = Release|Any CPU
		{2C78B312-6910-4938-9845-69502D8390EE}.Debug|Any CPU.ActiveCfg = Debug|Any CPU
		{2C78B312-6910-4938-9845-69502D8390EE}.Debug|Any CPU.Build.0 = Debug|Any CPU
		{2C78B312-6910-4938-9845-69502D8390EE}.Release|Any CPU.ActiveCfg = Release|Any CPU
		{2C78B312-6910-4938-9845-69502D8390EE}.Release|Any CPU.Build.0 = Release|Any CPU
	EndGlobalSection
	GlobalSection(SolutionProperties) = preSolution
		HideSolutionNode = FALSE
	EndGlobalSection
	GlobalSection(ExtensibilityGlobals) = postSolution
		SolutionGuid = {17263A00-495B-453B-9532-7A395FAD791C}
	EndGlobalSection
EndGlobal
